
Microsoft Visual Studio Solution File, Format Version 12.00
# Visual Studio 14
VisualStudioVersion = 14.0.25420.1
MinimumVisualStudioVersion = 10.0.40219.1
Project("{2150E333-8FDC-42A3-9474-1A3956D46DE8}") = "Providers", "Providers", "{9065C4CE-8900-4BC8-B5C7-A75AB025DDBD}"
EndProject
Project("{2150E333-8FDC-42A3-9474-1A3956D46DE8}") = "Serializers", "Serializers", "{B24F8A5E-9082-4313-B2B4-3BEB6001D3D1}"
EndProject
Project("{2150E333-8FDC-42A3-9474-1A3956D46DE8}") = "Tests", "Tests", "{E8133DDC-77DA-455C-813F-0B93F72E2F9F}"
EndProject
Project("{8BB2217D-0F2D-49D1-97BC-3654ED321F3B}") = "Nuve.DataStore", "..\Nuve.DataStore\Nuve.DataStore.xproj", "{3CDE60A3-B499-404D-9003-554B3F0636AF}"
EndProject
Project("{8BB2217D-0F2D-49D1-97BC-3654ED321F3B}") = "Nuve.DataStore.Aerospike", "..\Nuve.DataStore.Aerospike\Nuve.DataStore.Aerospike.xproj", "{8CB06B19-9E15-479D-B724-C0044F1A4569}"
EndProject
Project("{8BB2217D-0F2D-49D1-97BC-3654ED321F3B}") = "Nuve.DataStore.Redis", "..\Nuve.DataStore.Redis\Nuve.DataStore.Redis.xproj", "{20E5408B-9C3D-40DC-A6F2-992DC061C3EA}"
EndProject
Project("{8BB2217D-0F2D-49D1-97BC-3654ED321F3B}") = "Nuve.DataStore.Serializer.JsonNet", "..\Nuve.DataStore.Serializer.JsonNet\Nuve.DataStore.Serializer.JsonNet.xproj", "{40B945F9-6EEA-4181-B26B-6B4031B1F693}"
EndProject
Project("{8BB2217D-0F2D-49D1-97BC-3654ED321F3B}") = "Nuve.DataStore.Serializer.Avro", "..\Nuve.DataStore.Serializer.Avro\Nuve.DataStore.Serializer.Avro.xproj", "{14BB6CC5-2507-4CFB-B0BE-34358DCCC195}"
EndProject
Project("{8BB2217D-0F2D-49D1-97BC-3654ED321F3B}") = "Nuve.DataStore.Serializer.FastJson", "..\Nuve.DataStore.Serializer.FastJson\Nuve.DataStore.Serializer.FastJson.xproj", "{86DCCBB2-233C-4688-97D9-9CAFFD84C13C}"
EndProject
Project("{8BB2217D-0F2D-49D1-97BC-3654ED321F3B}") = "Nuve.DataStore.Serializer.Jil", "..\Nuve.DataStore.Serializer.Jil\Nuve.DataStore.Serializer.Jil.xproj", "{00DA28A0-9F71-4838-BE5D-31D0D687DC0E}"
EndProject
Project("{8BB2217D-0F2D-49D1-97BC-3654ED321F3B}") = "Nuve.DataStore.Serializer.MsgPack", "..\Nuve.DataStore.Serializer.MsgPack\Nuve.DataStore.Serializer.MsgPack.xproj", "{52216A9B-DBD1-40DF-824A-457D17FD27DC}"
EndProject
Project("{8BB2217D-0F2D-49D1-97BC-3654ED321F3B}") = "Nuve.DataStore.Serializer.NetJson", "..\Nuve.DataStore.Serializer.NetJson\Nuve.DataStore.Serializer.NetJson.xproj", "{B254737D-FBAA-490B-B1DB-755B5F192E81}"
EndProject
Global
	GlobalSection(SolutionConfigurationPlatforms) = preSolution
		Debug|Any CPU = Debug|Any CPU
		Release|Any CPU = Release|Any CPU
	EndGlobalSection
	GlobalSection(ProjectConfigurationPlatforms) = postSolution
		{3CDE60A3-B499-404D-9003-554B3F0636AF}.Debug|Any CPU.ActiveCfg = Debug|Any CPU
		{3CDE60A3-B499-404D-9003-554B3F0636AF}.Debug|Any CPU.Build.0 = Debug|Any CPU
		{3CDE60A3-B499-404D-9003-554B3F0636AF}.Release|Any CPU.ActiveCfg = Release|Any CPU
		{3CDE60A3-B499-404D-9003-554B3F0636AF}.Release|Any CPU.Build.0 = Release|Any CPU
		{8CB06B19-9E15-479D-B724-C0044F1A4569}.Debug|Any CPU.ActiveCfg = Debug|Any CPU
		{8CB06B19-9E15-479D-B724-C0044F1A4569}.Debug|Any CPU.Build.0 = Debug|Any CPU
		{8CB06B19-9E15-479D-B724-C0044F1A4569}.Release|Any CPU.ActiveCfg = Release|Any CPU
		{8CB06B19-9E15-479D-B724-C0044F1A4569}.Release|Any CPU.Build.0 = Release|Any CPU
		{20E5408B-9C3D-40DC-A6F2-992DC061C3EA}.Debug|Any CPU.ActiveCfg = Debug|Any CPU
		{20E5408B-9C3D-40DC-A6F2-992DC061C3EA}.Debug|Any CPU.Build.0 = Debug|Any CPU
		{20E5408B-9C3D-40DC-A6F2-992DC061C3EA}.Release|Any CPU.ActiveCfg = Release|Any CPU
		{20E5408B-9C3D-40DC-A6F2-992DC061C3EA}.Release|Any CPU.Build.0 = Release|Any CPU
		{40B945F9-6EEA-4181-B26B-6B4031B1F693}.Debug|Any CPU.ActiveCfg = Debug|Any CPU
		{40B945F9-6EEA-4181-B26B-6B4031B1F693}.Debug|Any CPU.Build.0 = Debug|Any CPU
		{40B945F9-6EEA-4181-B26B-6B4031B1F693}.Release|Any CPU.ActiveCfg = Release|Any CPU
		{40B945F9-6EEA-4181-B26B-6B4031B1F693}.Release|Any CPU.Build.0 = Release|Any CPU
		{14BB6CC5-2507-4CFB-B0BE-34358DCCC195}.Debug|Any CPU.ActiveCfg = Debug|Any CPU
		{14BB6CC5-2507-4CFB-B0BE-34358DCCC195}.Debug|Any CPU.Build.0 = Debug|Any CPU
		{14BB6CC5-2507-4CFB-B0BE-34358DCCC195}.Release|Any CPU.ActiveCfg = Release|Any CPU
		{14BB6CC5-2507-4CFB-B0BE-34358DCCC195}.Release|Any CPU.Build.0 = Release|Any CPU
		{86DCCBB2-233C-4688-97D9-9CAFFD84C13C}.Debug|Any CPU.ActiveCfg = Debug|Any CPU
		{86DCCBB2-233C-4688-97D9-9CAFFD84C13C}.Debug|Any CPU.Build.0 = Debug|Any CPU
		{86DCCBB2-233C-4688-97D9-9CAFFD84C13C}.Release|Any CPU.ActiveCfg = Release|Any CPU
		{86DCCBB2-233C-4688-97D9-9CAFFD84C13C}.Release|Any CPU.Build.0 = Release|Any CPU
		{00DA28A0-9F71-4838-BE5D-31D0D687DC0E}.Debug|Any CPU.ActiveCfg = Debug|Any CPU
		{00DA28A0-9F71-4838-BE5D-31D0D687DC0E}.Debug|Any CPU.Build.0 = Debug|Any CPU
		{00DA28A0-9F71-4838-BE5D-31D0D687DC0E}.Release|Any CPU.ActiveCfg = Release|Any CPU
		{00DA28A0-9F71-4838-BE5D-31D0D687DC0E}.Release|Any CPU.Build.0 = Release|Any CPU
		{52216A9B-DBD1-40DF-824A-457D17FD27DC}.Debug|Any CPU.ActiveCfg = Debug|Any CPU
		{52216A9B-DBD1-40DF-824A-457D17FD27DC}.Debug|Any CPU.Build.0 = Debug|Any CPU
		{52216A9B-DBD1-40DF-824A-457D17FD27DC}.Release|Any CPU.ActiveCfg = Release|Any CPU
		{52216A9B-DBD1-40DF-824A-457D17FD27DC}.Release|Any CPU.Build.0 = Release|Any CPU
		{B254737D-FBAA-490B-B1DB-755B5F192E81}.Debug|Any CPU.ActiveCfg = Debug|Any CPU
		{B254737D-FBAA-490B-B1DB-755B5F192E81}.Debug|Any CPU.Build.0 = Debug|Any CPU
		{B254737D-FBAA-490B-B1DB-755B5F192E81}.Release|Any CPU.ActiveCfg = Release|Any CPU
		{B254737D-FBAA-490B-B1DB-755B5F192E81}.Release|Any CPU.Build.0 = Release|Any CPU
	EndGlobalSection
	GlobalSection(SolutionProperties) = preSolution
		HideSolutionNode = FALSE
	EndGlobalSection
	GlobalSection(NestedProjects) = preSolution
		{8CB06B19-9E15-479D-B724-C0044F1A4569} = {9065C4CE-8900-4BC8-B5C7-A75AB025DDBD}
		{20E5408B-9C3D-40DC-A6F2-992DC061C3EA} = {9065C4CE-8900-4BC8-B5C7-A75AB025DDBD}
		{40B945F9-6EEA-4181-B26B-6B4031B1F693} = {B24F8A5E-9082-4313-B2B4-3BEB6001D3D1}
		{14BB6CC5-2507-4CFB-B0BE-34358DCCC195} = {B24F8A5E-9082-4313-B2B4-3BEB6001D3D1}
		{86DCCBB2-233C-4688-97D9-9CAFFD84C13C} = {B24F8A5E-9082-4313-B2B4-3BEB6001D3D1}
		{00DA28A0-9F71-4838-BE5D-31D0D687DC0E} = {B24F8A5E-9082-4313-B2B4-3BEB6001D3D1}
		{52216A9B-DBD1-40DF-824A-457D17FD27DC} = {B24F8A5E-9082-4313-B2B4-3BEB6001D3D1}
		{B254737D-FBAA-490B-B1DB-755B5F192E81} = {B24F8A5E-9082-4313-B2B4-3BEB6001D3D1}
	EndGlobalSection
EndGlobal
